
Microsoft Visual Studio Solution File, Format Version 12.00
# Visual Studio 2012
Project("{FAE04EC0-301F-11D3-BF4B-00C04F79EFBC}") = "ObdExpress", "ObdExpress\ObdExpress.csproj", "{C818C342-1F07-4536-8031-711F587A1FB5}"
EndProject
Project("{FAE04EC0-301F-11D3-BF4B-00C04F79EFBC}") = "ELM327API", "Elm327API\ELM327API.csproj", "{5B69719C-AC9C-463E-ACCE-8C2B3FDC6C96}"
EndProject
Project("{FAE04EC0-301F-11D3-BF4B-00C04F79EFBC}") = "log4net.vs2010", "..\log4net\log4net.vs2010.csproj", "{181FE707-E161-4722-9F38-6AAAB6FAA106}"
EndProject
Project("{FAE04EC0-301F-11D3-BF4B-00C04F79EFBC}") = "BasicHandlers", "BasicHandlers\BasicHandlers.csproj", "{792AD83D-A60E-4A68-97A9-346E272F6313}"
EndProject
Project("{FAE04EC0-301F-11D3-BF4B-00C04F79EFBC}") = "EngineDemandHandlers", "EngineDemandHandlers\EngineDemandHandlers.csproj", "{F856BF2B-347C-483F-978C-F426D4BEA504}"
EndProject
Project("{FAE04EC0-301F-11D3-BF4B-00C04F79EFBC}") = "DiagnosticHandlers", "DiagnosticHandlers\DiagnosticHandlers.csproj", "{A110723C-F35D-40E3-B020-09F8D859CDA0}"
EndProject
Project("{FAE04EC0-301F-11D3-BF4B-00C04F79EFBC}") = "MiscHandlers", "MiscHandlers\MiscHandlers.csproj", "{C877954C-806A-4E3A-BE93-C312BA76CE0E}"
EndProject
Global
	GlobalSection(SolutionConfigurationPlatforms) = preSolution
		Debug|Any CPU = Debug|Any CPU
		Release|Any CPU = Release|Any CPU
	EndGlobalSection
	GlobalSection(ProjectConfigurationPlatforms) = postSolution
		{C818C342-1F07-4536-8031-711F587A1FB5}.Debug|Any CPU.ActiveCfg = Debug|Any CPU
		{C818C342-1F07-4536-8031-711F587A1FB5}.Debug|Any CPU.Build.0 = Debug|Any CPU
		{C818C342-1F07-4536-8031-711F587A1FB5}.Release|Any CPU.ActiveCfg = Release|Any CPU
		{C818C342-1F07-4536-8031-711F587A1FB5}.Release|Any CPU.Build.0 = Release|Any CPU
		{5B69719C-AC9C-463E-ACCE-8C2B3FDC6C96}.Debug|Any CPU.ActiveCfg = Debug|Any CPU
		{5B69719C-AC9C-463E-ACCE-8C2B3FDC6C96}.Debug|Any CPU.Build.0 = Debug|Any CPU
		{5B69719C-AC9C-463E-ACCE-8C2B3FDC6C96}.Release|Any CPU.ActiveCfg = Release|Any CPU
		{5B69719C-AC9C-463E-ACCE-8C2B3FDC6C96}.Release|Any CPU.Build.0 = Release|Any CPU
		{5B69719C-AC9C-463E-ACCE-8C2B3FDC6C96}.Release|Any CPU.Deploy.0 = Release|Any CPU
		{181FE707-E161-4722-9F38-6AAAB6FAA106}.Debug|Any CPU.ActiveCfg = Debug|Any CPU
		{181FE707-E161-4722-9F38-6AAAB6FAA106}.Debug|Any CPU.Build.0 = Debug|Any CPU
		{181FE707-E161-4722-9F38-6AAAB6FAA106}.Release|Any CPU.ActiveCfg = Release|Any CPU
		{181FE707-E161-4722-9F38-6AAAB6FAA106}.Release|Any CPU.Build.0 = Release|Any CPU
		{792AD83D-A60E-4A68-97A9-346E272F6313}.Debug|Any CPU.ActiveCfg = Debug|Any CPU
		{792AD83D-A60E-4A68-97A9-346E272F6313}.Debug|Any CPU.Build.0 = Debug|Any CPU
		{792AD83D-A60E-4A68-97A9-346E272F6313}.Release|Any CPU.ActiveCfg = Release|Any CPU
		{792AD83D-A60E-4A68-97A9-346E272F6313}.Release|Any CPU.Build.0 = Release|Any CPU
		{F856BF2B-347C-483F-978C-F426D4BEA504}.Debug|Any CPU.ActiveCfg = Debug|Any CPU
		{F856BF2B-347C-483F-978C-F426D4BEA504}.Debug|Any CPU.Build.0 = Debug|Any CPU
		{F856BF2B-347C-483F-978C-F426D4BEA504}.Release|Any CPU.ActiveCfg = Release|Any CPU
		{F856BF2B-347C-483F-978C-F426D4BEA504}.Release|Any CPU.Build.0 = Release|Any CPU
		{A110723C-F35D-40E3-B020-09F8D859CDA0}.Debug|Any CPU.ActiveCfg = Debug|Any CPU
		{A110723C-F35D-40E3-B020-09F8D859CDA0}.Debug|Any CPU.Build.0 = Debug|Any CPU
		{A110723C-F35D-40E3-B020-09F8D859CDA0}.Release|Any CPU.ActiveCfg = Release|Any CPU
		{A110723C-F35D-40E3-B020-09F8D859CDA0}.Release|Any CPU.Build.0 = Release|Any CPU
		{C877954C-806A-4E3A-BE93-C312BA76CE0E}.Debug|Any CPU.ActiveCfg = Debug|Any CPU
		{C877954C-806A-4E3A-BE93-C312BA76CE0E}.Debug|Any CPU.Build.0 = Debug|Any CPU
		{C877954C-806A-4E3A-BE93-C312BA76CE0E}.Release|Any CPU.ActiveCfg = Release|Any CPU
		{C877954C-806A-4E3A-BE93-C312BA76CE0E}.Release|Any CPU.Build.0 = Release|Any CPU
	EndGlobalSection
	GlobalSection(SolutionProperties) = preSolution
		HideSolutionNode = FALSE
	EndGlobalSection
EndGlobal
